<?xml version="1.0" encoding="utf-8"?>
<Project ToolsVersion="4.0" xmlns="http://schemas.microsoft.com/developer/msbuild/2003">
  <ItemGroup>
    <Filter Include="源文件">
      <UniqueIdentifier>{4FC737F1-C7A5-4376-A066-2A32D752A2FF}</UniqueIdentifier>
      <Extensions>cpp;c;cc;cxx;c++;cppm;ixx;def;odl;idl;hpj;bat;asm;asmx</Extensions>
    </Filter>
    <Filter Include="头文件">
      <UniqueIdentifier>{93995380-89BD-4b04-88EB-625FBE52EBFB}</UniqueIdentifier>
      <Extensions>h;hh;hpp;hxx;h++;hm;inl;inc;ipp;xsd</Extensions>
    </Filter>
    <Filter Include="资源文件">
      <UniqueIdentifier>{67DA6AB6-F800-4c08-8B7A-83BB121AAD01}</UniqueIdentifier>
      <Extensions>rc;ico;cur;bmp;dlg;rc2;rct;bin;rgs;gif;jpg;jpeg;jpe;resx;tiff;tif;png;wav;mfcribbon-ms</Extensions>
    </Filter>
  </ItemGroup>
  <ItemGroup>
    <ClCompile Include="main.cpp">
      <Filter>源文件</Filter>
    </ClCompile>
    <ClCompile Include="XInfer.cpp">
      <Filter>源文件</Filter>
    </ClCompile>
    <ClCompile Include="..\XVisual\src\HandleBase\HandleFactory.cpp">
      <Filter>源文件</Filter>
    </ClCompile>
    <ClCompile Include="..\XVisual\src\HandleBase\ColleagueType.cpp">
      <Filter>源文件</Filter>
    </ClCompile>
    <ClCompile Include="..\XVisual\src\Handle\LoadImageHandle.cpp">
      <Filter>源文件</Filter>
    </ClCompile>
    <ClCompile Include="..\XVisual\src\Handle\CVCropHandle.cpp">
      <Filter>源文件</Filter>
    </ClCompile>
    <ClCompile Include="..\XVisual\src\HandleBase\Colleague.cpp">
      <Filter>源文件</Filter>
    </ClCompile>
    <ClCompile Include="..\XVisual\src\HandleBase\XBaseHandle.cpp">
      <Filter>源文件</Filter>
    </ClCompile>
    <ClCompile Include="..\XVisual\src\GlobalStorage\HandleGlobalStorage.cpp">
      <Filter>源文件</Filter>
    </ClCompile>
    <ClCompile Include="..\XVisual\src\XVariable\Dest.cpp">
      <Filter>源文件</Filter>
    </ClCompile>
    <ClCompile Include="..\XVisual\src\XVariable\Param.cpp">
      <Filter>源文件</Filter>
    </ClCompile>
    <ClCompile Include="..\XVisual\src\XVariable\Source.cpp">
      <Filter>源文件</Filter>
    </ClCompile>
    <ClCompile Include="..\XVisual\src\Common\LoggerInstance.cpp">
      <Filter>源文件</Filter>
    </ClCompile>
    <ClCompile Include="..\XVisual\src\Common\UuidGenerator.cpp">
      <Filter>源文件</Filter>
    </ClCompile>
    <ClCompile Include="..\XVisual\src\GlobalStorage\GlobalVariable.cpp">
      <Filter>源文件</Filter>
    </ClCompile>
    <ClCompile Include="..\XVisual\src\XGraph\XGraph.cpp">
      <Filter>源文件</Filter>
    </ClCompile>
    <ClCompile Include="..\XVisual\src\GlobalStorage\HandleManager.cpp">
      <Filter>源文件</Filter>
    </ClCompile>
    <ClCompile Include="..\XVisual\src\GlobalStorage\ColleagueManager.cpp">
      <Filter>源文件</Filter>
    </ClCompile>
    <ClCompile Include="..\XVisual\src\Common\XType.cpp">
      <Filter>源文件</Filter>
    </ClCompile>
    <ClCompile Include="..\XVisual\src\Common\JsonFileUtils.cpp">
      <Filter>源文件</Filter>
    </ClCompile>
    <ClCompile Include="..\XVisual\src\Common\XParser.cpp">
      <Filter>源文件</Filter>
    </ClCompile>
    <ClCompile Include="..\XVisual\src\Common\StrUtils.cpp">
      <Filter>源文件</Filter>
    </ClCompile>
    <ClCompile Include="..\XVisual\src\CJSON\cJSON.c">
      <Filter>源文件</Filter>
    </ClCompile>
    <ClCompile Include="..\XVisual\src\Handle\ImagePreHandle.cpp">
      <Filter>源文件</Filter>
    </ClCompile>
    <ClCompile Include="..\XVisual\src\Handle\PreInverHandle.cpp">
      <Filter>源文件</Filter>
    </ClCompile>
    <ClCompile Include="..\XVisual\src\Handle\TFDetectHandle.cpp">
      <Filter>源文件</Filter>
    </ClCompile>
    <ClCompile Include="..\XVisual\src\Handle\RevertBoxHandle.cpp">
      <Filter>源文件</Filter>
    </ClCompile>
    <ClCompile Include="..\XVisual\src\Handle\DrawBoxHandle.cpp">
      <Filter>源文件</Filter>
    </ClCompile>
    <ClCompile Include="..\XVisual\src\Common\BoxUtils.cpp">
      <Filter>源文件</Filter>
    </ClCompile>
    <ClCompile Include="..\XVisual\src\Common\FileUtils.cpp">
      <Filter>源文件</Filter>
    </ClCompile>
    <ClCompile Include="..\XVisual\src\Common\ImagePre.cpp">
      <Filter>源文件</Filter>
    </ClCompile>
    <ClCompile Include="..\XVisual\src\TFModel\ModelUtils.cpp">
      <Filter>源文件</Filter>
    </ClCompile>
    <ClCompile Include="..\XVisual\src\TFModel\TensorFlowModel.cpp">
      <Filter>源文件</Filter>
    </ClCompile>
    <ClCompile Include="..\XVisual\src\TFModel\TFType2CPPType.cpp">
      <Filter>源文件</Filter>
    </ClCompile>
  </ItemGroup>
  <ItemGroup>
    <ClInclude Include="XInfer.h">
      <Filter>头文件</Filter>
    </ClInclude>
  </ItemGroup>
</Project>